
Microsoft Visual Studio Solution File, Format Version 12.00
# Visual Studio Version 16
VisualStudioVersion = 16.0.31129.286
MinimumVisualStudioVersion = 10.0.40219.1
Project("{8BC9CEB8-8B4A-11D0-8D11-00A0C91BC942}") = "20210528", "20210528\20210528.vcxproj", "{855B4F5E-A1E3-4C94-96C0-A6A33962101A}"
EndProject
Global
	GlobalSection(SolutionConfigurationPlatforms) = preSolution
		Debug|x64 = Debug|x64
		Debug|x86 = Debug|x86
		Release|x64 = Release|x64
		Release|x86 = Release|x86
	EndGlobalSection
	GlobalSection(ProjectConfigurationPlatforms) = postSolution
		{855B4F5E-A1E3-4C94-96C0-A6A33962101A}.Debug|x64.ActiveCfg = Debug|x64
		{855B4F5E-A1E3-4C94-96C0-A6A33962101A}.Debug|x64.Build.0 = Debug|x64
		{855B4F5E-A1E3-4C94-96C0-A6A33962101A}.Debug|x86.ActiveCfg = Debug|Win32
		{855B4F5E-A1E3-4C94-96C0-A6A33962101A}.Debug|x86.Build.0 = Debug|Win32
		{855B4F5E-A1E3-4C94-96C0-A6A33962101A}.Release|x64.ActiveCfg = Release|x64
		{855B4F5E-A1E3-4C94-96C0-A6A33962101A}.Release|x64.Build.0 = Release|x64
		{855B4F5E-A1E3-4C94-96C0-A6A33962101A}.Release|x86.ActiveCfg = Release|Win32
		{855B4F5E-A1E3-4C94-96C0-A6A33962101A}.Release|x86.Build.0 = Release|Win32
	EndGlobalSection
	GlobalSection(SolutionProperties) = preSolution
		HideSolutionNode = FALSE
	EndGlobalSection
	GlobalSection(ExtensibilityGlobals) = postSolution
		SolutionGuid = {0E070339-8066-426E-9DCD-C279D202DCAF}
	EndGlobalSection
EndGlobal
